
Microsoft Visual Studio Solution File, Format Version 12.00
# Visual Studio 2012
Project("{FAE04EC0-301F-11D3-BF4B-00C04F79EFBC}") = "Xamarin.NYTPhotoViewer", "Xamarin.NYTPhotoViewer\Xamarin.NYTPhotoViewer.csproj", "{F9F45A82-F71D-41D4-B7A5-C4E314CAD363}"
EndProject
Project("{FAE04EC0-301F-11D3-BF4B-00C04F79EFBC}") = "DemoNYTPhotoViewer", "DemoNYTPhotoViewer\DemoNYTPhotoViewer.csproj", "{B2724BCA-CD6A-4311-9415-F550BD6079FB}"
EndProject
Global
	GlobalSection(SolutionConfigurationPlatforms) = preSolution
		Debug|Any CPU = Debug|Any CPU
		Release|Any CPU = Release|Any CPU
		Debug|iPhoneSimulator = Debug|iPhoneSimulator
		Release|iPhone = Release|iPhone
		Release|iPhoneSimulator = Release|iPhoneSimulator
		Debug|iPhone = Debug|iPhone
	EndGlobalSection
	GlobalSection(ProjectConfigurationPlatforms) = postSolution
		{F9F45A82-F71D-41D4-B7A5-C4E314CAD363}.Debug|Any CPU.ActiveCfg = Debug|Any CPU
		{F9F45A82-F71D-41D4-B7A5-C4E314CAD363}.Debug|Any CPU.Build.0 = Debug|Any CPU
		{F9F45A82-F71D-41D4-B7A5-C4E314CAD363}.Release|Any CPU.ActiveCfg = Release|Any CPU
		{F9F45A82-F71D-41D4-B7A5-C4E314CAD363}.Release|Any CPU.Build.0 = Release|Any CPU
		{F9F45A82-F71D-41D4-B7A5-C4E314CAD363}.Debug|iPhoneSimulator.ActiveCfg = Debug|Any CPU
		{F9F45A82-F71D-41D4-B7A5-C4E314CAD363}.Debug|iPhoneSimulator.Build.0 = Debug|Any CPU
		{F9F45A82-F71D-41D4-B7A5-C4E314CAD363}.Release|iPhone.ActiveCfg = Release|Any CPU
		{F9F45A82-F71D-41D4-B7A5-C4E314CAD363}.Release|iPhone.Build.0 = Release|Any CPU
		{F9F45A82-F71D-41D4-B7A5-C4E314CAD363}.Release|iPhoneSimulator.ActiveCfg = Release|Any CPU
		{F9F45A82-F71D-41D4-B7A5-C4E314CAD363}.Release|iPhoneSimulator.Build.0 = Release|Any CPU
		{F9F45A82-F71D-41D4-B7A5-C4E314CAD363}.Debug|iPhone.ActiveCfg = Debug|Any CPU
		{F9F45A82-F71D-41D4-B7A5-C4E314CAD363}.Debug|iPhone.Build.0 = Debug|Any CPU
		{B2724BCA-CD6A-4311-9415-F550BD6079FB}.Debug|Any CPU.ActiveCfg = Debug|iPhoneSimulator
		{B2724BCA-CD6A-4311-9415-F550BD6079FB}.Debug|Any CPU.Build.0 = Debug|iPhoneSimulator
		{B2724BCA-CD6A-4311-9415-F550BD6079FB}.Release|Any CPU.ActiveCfg = Release|iPhone
		{B2724BCA-CD6A-4311-9415-F550BD6079FB}.Release|Any CPU.Build.0 = Release|iPhone
		{B2724BCA-CD6A-4311-9415-F550BD6079FB}.Debug|iPhoneSimulator.ActiveCfg = Debug|iPhoneSimulator
		{B2724BCA-CD6A-4311-9415-F550BD6079FB}.Debug|iPhoneSimulator.Build.0 = Debug|iPhoneSimulator
		{B2724BCA-CD6A-4311-9415-F550BD6079FB}.Release|iPhone.ActiveCfg = Release|iPhone
		{B2724BCA-CD6A-4311-9415-F550BD6079FB}.Release|iPhone.Build.0 = Release|iPhone
		{B2724BCA-CD6A-4311-9415-F550BD6079FB}.Release|iPhoneSimulator.ActiveCfg = Release|iPhoneSimulator
		{B2724BCA-CD6A-4311-9415-F550BD6079FB}.Release|iPhoneSimulator.Build.0 = Release|iPhoneSimulator
		{B2724BCA-CD6A-4311-9415-F550BD6079FB}.Debug|iPhone.ActiveCfg = Debug|iPhone
		{B2724BCA-CD6A-4311-9415-F550BD6079FB}.Debug|iPhone.Build.0 = Debug|iPhone
	EndGlobalSection
EndGlobal
